{
  "requires": true,
  "lockfileVersion": 1,
  "dependencies": {
    "jquery": {
      "version": "3.6.0",
      "resolved": "https://registry.npmjs.org/jquery/-/jquery-3.6.0.tgz",
      "integrity": "sha512-JVzAR/AjBvVt2BmYhxRCSYysDsPcssdmTFnzyLEts9qNwmjmu4JTAMYubEfwVOSwpQ1I1sKKFcxhZCI2buerfw=="
    },
    "jquery-particles": {
      "version": "1.37.5",
      "resolved": "https://registry.npmjs.org/jquery-particles/-/jquery-particles-1.37.5.tgz",
      "integrity": "sha512-AmbHMa8YrkjLtCzJRVHzCSBJKkXbFC4SMlqi/SHVdeRwFJCB8ysoVs9b0uVt0yjrB7/S/emoey3DRJPnmPPetw==",
      "requires": {
        "tsparticles": "^1.37.5"
      }
    },
    "tsparticles": {
      "version": "1.37.5",
      "resolved": "https://registry.npmjs.org/tsparticles/-/tsparticles-1.37.5.tgz",
      "integrity": "sha512-BQBRnnKKhKH2POwxuHzPiuL/zPUjuR5QmMCFQ2vm3fadE2k4vqmH099m1R9R+nt0lTvWL6SCS0hYQQkqUjsMXg=="
    }
  }
}
